
Microsoft Visual Studio Solution File, Format Version 12.00
# Visual Studio 15
VisualStudioVersion = 15.0.28010.2046
MinimumVisualStudioVersion = 10.0.40219.1
Project("{FAE04EC0-301F-11D3-BF4B-00C04F79EFBC}") = "AdaptiveProgrammingModel", "AdaptiveProgrammingModel\AdaptiveProgrammingModel.csproj", "{F7389AC9-02BB-483C-9497-97E3DD5760D7}"
EndProject
Project("{FAE04EC0-301F-11D3-BF4B-00C04F79EFBC}") = "AdaptiveProgrammingViewModel", "AdaptiveProgrammingViewModel\AdaptiveProgrammingViewModel.csproj", "{9BA42C68-83B1-43D3-A09D-C972D385DF4C}"
EndProject
Project("{FAE04EC0-301F-11D3-BF4B-00C04F79EFBC}") = "AdaptiveProgrammingWPFView", "AdaptiveProgrammingWPFView\AdaptiveProgrammingWPFView.csproj", "{18FCD730-8001-4F14-8B88-89286C1F2CE2}"
EndProject
Project("{FAE04EC0-301F-11D3-BF4B-00C04F79EFBC}") = "AdaptiveProgrammingConsoleView", "AdaptiveProgrammingConsoleView\AdaptiveProgrammingConsoleView.csproj", "{12EBDFDA-242B-47E8-B90B-6D2E44CBA827}"
EndProject
Project("{FAE04EC0-301F-11D3-BF4B-00C04F79EFBC}") = "AdaptiveProgrammingTest", "AdaptiveProgrammingTest\AdaptiveProgrammingTest.csproj", "{851ECFD7-C341-41C7-BDF8-23068B57B627}"
EndProject
Global
	GlobalSection(SolutionConfigurationPlatforms) = preSolution
		Debug|Any CPU = Debug|Any CPU
		Release|Any CPU = Release|Any CPU
	EndGlobalSection
	GlobalSection(ProjectConfigurationPlatforms) = postSolution
		{F7389AC9-02BB-483C-9497-97E3DD5760D7}.Debug|Any CPU.ActiveCfg = Debug|Any CPU
		{F7389AC9-02BB-483C-9497-97E3DD5760D7}.Debug|Any CPU.Build.0 = Debug|Any CPU
		{F7389AC9-02BB-483C-9497-97E3DD5760D7}.Release|Any CPU.ActiveCfg = Release|Any CPU
		{F7389AC9-02BB-483C-9497-97E3DD5760D7}.Release|Any CPU.Build.0 = Release|Any CPU
		{9BA42C68-83B1-43D3-A09D-C972D385DF4C}.Debug|Any CPU.ActiveCfg = Debug|Any CPU
		{9BA42C68-83B1-43D3-A09D-C972D385DF4C}.Debug|Any CPU.Build.0 = Debug|Any CPU
		{9BA42C68-83B1-43D3-A09D-C972D385DF4C}.Release|Any CPU.ActiveCfg = Release|Any CPU
		{9BA42C68-83B1-43D3-A09D-C972D385DF4C}.Release|Any CPU.Build.0 = Release|Any CPU
		{18FCD730-8001-4F14-8B88-89286C1F2CE2}.Debug|Any CPU.ActiveCfg = Debug|Any CPU
		{18FCD730-8001-4F14-8B88-89286C1F2CE2}.Debug|Any CPU.Build.0 = Debug|Any CPU
		{18FCD730-8001-4F14-8B88-89286C1F2CE2}.Release|Any CPU.ActiveCfg = Release|Any CPU
		{18FCD730-8001-4F14-8B88-89286C1F2CE2}.Release|Any CPU.Build.0 = Release|Any CPU
		{12EBDFDA-242B-47E8-B90B-6D2E44CBA827}.Debug|Any CPU.ActiveCfg = Debug|Any CPU
		{12EBDFDA-242B-47E8-B90B-6D2E44CBA827}.Debug|Any CPU.Build.0 = Debug|Any CPU
		{12EBDFDA-242B-47E8-B90B-6D2E44CBA827}.Release|Any CPU.ActiveCfg = Release|Any CPU
		{12EBDFDA-242B-47E8-B90B-6D2E44CBA827}.Release|Any CPU.Build.0 = Release|Any CPU
		{851ECFD7-C341-41C7-BDF8-23068B57B627}.Debug|Any CPU.ActiveCfg = Debug|Any CPU
		{851ECFD7-C341-41C7-BDF8-23068B57B627}.Debug|Any CPU.Build.0 = Debug|Any CPU
		{851ECFD7-C341-41C7-BDF8-23068B57B627}.Release|Any CPU.ActiveCfg = Release|Any CPU
		{851ECFD7-C341-41C7-BDF8-23068B57B627}.Release|Any CPU.Build.0 = Release|Any CPU
	EndGlobalSection
	GlobalSection(SolutionProperties) = preSolution
		HideSolutionNode = FALSE
	EndGlobalSection
	GlobalSection(ExtensibilityGlobals) = postSolution
		SolutionGuid = {BDF9FA47-C455-469F-B787-62F981903E85}
	EndGlobalSection
EndGlobal
